// !$*UTF8*$!
{
	archiveVersion = 1;
	classes = {
	};
	objectVersion = 46;
	objects = {

/* Begin PBXBuildFile section */
		43DE62281B660EAA00FDE3AF /* main.m in Sources */ = {isa = PBXBuildFile; fileRef = 43DE62271B660EAA00FDE3AF /* main.m */; };
		43DE622B1B660EAA00FDE3AF /* AppDelegate.m in Sources */ = {isa = PBXBuildFile; fileRef = 43DE622A1B660EAA00FDE3AF /* AppDelegate.m */; };
		43DE622E1B660EAA00FDE3AF /* ViewController.m in Sources */ = {isa = PBXBuildFile; fileRef = 43DE622D1B660EAA00FDE3AF /* ViewController.m */; };
		43DE62311B660EAA00FDE3AF /* Main.storyboard in Resources */ = {isa = PBXBuildFile; fileRef = 43DE622F1B660EAA00FDE3AF /* Main.storyboard */; };
		43DE62331B660EAA00FDE3AF /* Images.xcassets in Resources */ = {isa = PBXBuildFile; fileRef = 43DE62321B660EAA00FDE3AF /* Images.xcassets */; };
		43DE62361B660EAA00FDE3AF /* LaunchScreen.xib in Resources */ = {isa = PBXBuildFile; fileRef = 43DE62341B660EAA00FDE3AF /* LaunchScreen.xib */; };
		43DE62421B660EAA00FDE3AF /* DelegateDemoTests.m in Sources */ = {isa = PBXBuildFile; fileRef = 43DE62411B660EAA00FDE3AF /* DelegateDemoTests.m */; };
/* End PBXBuildFile section */

/* Begin PBXContainerItemProxy section */
		43DE623C1B660EAA00FDE3AF /* PBXContainerItemProxy */ = {
			isa = PBXContainerItemProxy;
			containerPortal = 43DE621A1B660EAA00FDE3AF /* Project object */;
			proxyType = 1;
			remoteGlobalIDString = 43DE62211B660EAA00FDE3AF;
			remoteInfo = DelegateDemo;
		};
/* End PBXContainerItemProxy section */

/* Begin PBXFileReference section */
		43DE62221B660EAA00FDE3AF /* DelegateDemo.app */ = {isa = PBXFileReference; explicitFileType = wrapper.application; includeInIndex = 0; path = DelegateDemo.app; sourceTree = BUILT_PRODUCTS_DIR; };
		43DE62261B660EAA00FDE3AF /* Info.plist */ = {isa = PBXFileReference; lastKnownFileType = text.plist.xml; path = Info.plist; sourceTree = "<group>"; };
		43DE62271B660EAA00FDE3AF /* main.m */ = {isa = PBXFileReference; lastKnownFileType = sourcecode.c.objc; path = main.m; sourceTree = "<group>"; };
		43DE62291B660EAA00FDE3AF /* AppDelegate.h */ = {isa = PBXFileReference; lastKnownFileType = sourcecode.c.h; path = AppDelegate.h; sourceTree = "<group>"; };
		43DE622A1B660EAA00FDE3AF /* AppDelegate.m */ = {isa = PBXFileReference; lastKnownFileType = sourcecode.c.objc; path = AppDelegate.m; sourceTree = "<group>"; };
		43DE622C1B660EAA00FDE3AF /* ViewController.h */ = {isa = PBXFileReference; lastKnownFileType = sourcecode.c.h; path = ViewController.h; sourceTree = "<group>"; };
		43DE622D1B660EAA00FDE3AF /* ViewController.m */ = {isa = PBXFileReference; lastKnownFileType = sourcecode.c.objc; path = ViewController.m; sourceTree = "<group>"; };
		43DE62301B660EAA00FDE3AF /* Base */ = {isa = PBXFileReference; lastKnownFileType = file.storyboard; name = Base; path = Base.lproj/Main.storyboard; sourceTree = "<group>"; };
		43DE62321B660EAA00FDE3AF /* Images.xcassets */ = {isa = PBXFileReference; lastKnownFileType = folder.assetcatalog; path = Images.xcassets; sourceTree = "<group>"; };
		43DE62351B660EAA00FDE3AF /* Base */ = {isa = PBXFileReference; lastKnownFileType = file.xib; name = Base; path = Base.lproj/LaunchScreen.xib; sourceTree = "<group>"; };
		43DE623B1B660EAA00FDE3AF /* DelegateDemoTests.xctest */ = {isa = PBXFileReference; explicitFileType = wrapper.cfbundle; includeInIndex = 0; path = DelegateDemoTests.xctest; sourceTree = BUILT_PRODUCTS_DIR; };
		43DE62401B660EAA00FDE3AF /* Info.plist */ = {isa = PBXFileReference; lastKnownFileType = text.plist.xml; path = Info.plist; sourceTree = "<group>"; };
		43DE62411B660EAA00FDE3AF /* DelegateDemoTests.m */ = {isa = PBXFileReference; lastKnownFileType = sourcecode.c.objc; path = DelegateDemoTests.m; sourceTree = "<group>"; };
/* End PBXFileReference section */

/* Begin PBXFrameworksBuildPhase section */
		43DE621F1B660EAA00FDE3AF /* Frameworks */ = {
			isa = PBXFrameworksBuildPhase;
			buildActionMask = 2147483647;
			files = (
			);
			runOnlyForDeploymentPostprocessing = 0;
		};
		43DE62381B660EAA00FDE3AF /* Frameworks */ = {
			isa = PBXFrameworksBuildPhase;
			buildActionMask = 2147483647;
			files = (
			);
			runOnlyForDeploymentPostprocessing = 0;
		};
/* End PBXFrameworksBuildPhase section */

/* Begin PBXGroup section */
		43DE62191B660EAA00FDE3AF = {
			isa = PBXGroup;
			children = (
				43DE62241B660EAA00FDE3AF /* DelegateDemo */,
				43DE623E1B660EAA00FDE3AF /* DelegateDemoTests */,
				43DE62231B660EAA00FDE3AF /* Products */,
			);
			sourceTree = "<group>";
		};
		43DE62231B660EAA00FDE3AF /* Products */ = {
			isa = PBXGroup;
			children = (
				43DE62221B660EAA00FDE3AF /* DelegateDemo.app */,
				43DE623B1B660EAA00FDE3AF /* DelegateDemoTests.xctest */,
			);
			name = Products;
			sourceTree = "<group>";
		};
		43DE62241B660EAA00FDE3AF /* DelegateDemo */ = {
			isa = PBXGroup;
			children = (
				43DE62291B660EAA00FDE3AF /* AppDelegate.h */,
				43DE622A1B660EAA00FDE3AF /* AppDelegate.m */,
				43DE622C1B660EAA00FDE3AF /* ViewController.h */,
				43DE622D1B660EAA00FDE3AF /* ViewController.m */,
				43DE622F1B660EAA00FDE3AF /* Main.storyboard */,
				43DE62321B660EAA00FDE3AF /* Images.xcassets */,
				43DE62341B660EAA00FDE3AF /* LaunchScreen.xib */,
				43DE62251B660EAA00FDE3AF /* Supporting Files */,
			);
			path = DelegateDemo;
			sourceTree = "<group>";
		};
		43DE62251B660EAA00FDE3AF /* Supporting Files */ = {
			isa = PBXGroup;
			children = (
				43DE62261B660EAA00FDE3AF /* Info.plist */,
				43DE62271B660EAA00FDE3AF /* main.m */,
			);
			name = "Supporting Files";
			sourceTree = "<group>";
		};
		43DE623E1B660EAA00FDE3AF /* DelegateDemoTests */ = {
			isa = PBXGroup;
			children = (
				43DE62411B660EAA00FDE3AF /* DelegateDemoTests.m */,
				43DE623F1B660EAA00FDE3AF /* Supporting Files */,
			);
			path = DelegateDemoTests;
			sourceTree = "<group>";
		};
		43DE623F1B660EAA00FDE3AF /* Supporting Files */ = {
			isa = PBXGroup;
			children = (
				43DE62401B660EAA00FDE3AF /* Info.plist */,
			);
			name = "Supporting Files";
			sourceTree = "<group>";
		};
/* End PBXGroup section */

/* Begin PBXNativeTarget section */
		43DE62211B660EAA00FDE3AF /* DelegateDemo */ = {
			isa = PBXNativeTarget;
			buildConfigurationList = 43DE62451B660EAA00FDE3AF /* Build configuration list for PBXNativeTarget "DelegateDemo" */;
			buildPhases = (
				43DE621E1B660EAA00FDE3AF /* Sources */,
				43DE621F1B660EAA00FDE3AF /* Frameworks */,
				43DE62201B660EAA00FDE3AF /* Resources */,
			);
			buildRules = (
			);
			dependencies = (
			);
			name = DelegateDemo;
			productName = DelegateDemo;
			productReference = 43DE62221B660EAA00FDE3AF /* DelegateDemo.app */;
			productType = "com.apple.product-type.application";
		};
		43DE623A1B660EAA00FDE3AF /* DelegateDemoTests */ = {
			isa = PBXNativeTarget;
			buildConfigurationList = 43DE62481B660EAA00FDE3AF /* Build configuration list for PBXNativeTarget "DelegateDemoTests" */;
			buildPhases = (
				43DE62371B660EAA00FDE3AF /* Sources */,
				43DE62381B660EAA00FDE3AF /* Frameworks */,
				43DE62391B660EAA00FDE3AF /* Resources */,
			);
			buildRules = (
			);
			dependencies = (
				43DE623D1B660EAA00FDE3AF /* PBXTargetDependency */,
			);
			name = DelegateDemoTests;
			productName = DelegateDemoTests;
			productReference = 43DE623B1B660EAA00FDE3AF /* DelegateDemoTests.xctest */;
			productType = "com.apple.product-type.bundle.unit-test";
		};
/* End PBXNativeTarget section */

/* Begin PBXProject section */
		43DE621A1B660EAA00FDE3AF /* Project object */ = {
			isa = PBXProject;
			attributes = {
				LastUpgradeCheck = 0630;
				ORGANIZATIONNAME = nate;
				TargetAttributes = {
					43DE62211B660EAA00FDE3AF = {
						CreatedOnToolsVersion = 6.3.2;
					};
					43DE623A1B660EAA00FDE3AF = {
						CreatedOnToolsVersion = 6.3.2;
						TestTargetID = 43DE62211B660EAA00FDE3AF;
					};
				};
			};
			buildConfigurationList = 43DE621D1B660EAA00FDE3AF /* Build configuration list for PBXProject "DelegateDemo" */;
			compatibilityVersion = "Xcode 3.2";
			developmentRegion = English;
			hasScannedForEncodings = 0;
			knownRegions = (
				en,
				Base,
			);
			mainGroup = 43DE62191B660EAA00FDE3AF;
			productRefGroup = 43DE62231B660EAA00FDE3AF /* Products */;
			projectDirPath = "";
			projectRoot = "";
			targets = (
				43DE62211B660EAA00FDE3AF /* DelegateDemo */,
				43DE623A1B660EAA00FDE3AF /* DelegateDemoTests */,
			);
		};
/* End PBXProject section */

/* Begin PBXResourcesBuildPhase section */
		43DE62201B660EAA00FDE3AF /* Resources */ = {
			isa = PBXResourcesBuildPhase;
			buildActionMask = 2147483647;
			files = (
				43DE62311B660EAA00FDE3AF /* Main.storyboard in Resources */,
				43DE62361B660EAA00FDE3AF /* LaunchScreen.xib in Resources */,
				43DE62331B660EAA00FDE3AF /* Images.xcassets in Resources */,
			);
			runOnlyForDeploymentPostprocessing = 0;
		};
		43DE62391B660EAA00FDE3AF /* Resources */ = {
			isa = PBXResourcesBuildPhase;
			buildActionMask = 2147483647;
			files = (
			);
			runOnlyForDeploymentPostprocessing = 0;
		};
/* End PBXResourcesBuildPhase section */

/* Begin PBXSourcesBuildPhase section */
		43DE621E1B660EAA00FDE3AF /* Sources */ = {
			isa = PBXSourcesBuildPhase;
			buildActionMask = 2147483647;
			files = (
				43DE622E1B660EAA00FDE3AF /* ViewController.m in Sources */,
				43DE622B1B660EAA00FDE3AF /* AppDelegate.m in Sources */,
				43DE62281B660EAA00FDE3AF /* main.m in Sources */,
			);
			runOnlyForDeploymentPostprocessing = 0;
		};
		43DE62371B660EAA00FDE3AF /* Sources */ = {
			isa = PBXSourcesBuildPhase;
			buildActionMask = 2147483647;
			files = (
				43DE62421B660EAA00FDE3AF /* DelegateDemoTests.m in Sources */,
			);
			runOnlyForDeploymentPostprocessing = 0;
		};
/* End PBXSourcesBuildPhase section */

/* Begin PBXTargetDependency section */
		43DE623D1B660EAA00FDE3AF /* PBXTargetDependency */ = {
			isa = PBXTargetDependency;
			target = 43DE62211B660EAA00FDE3AF /* DelegateDemo */;
			targetProxy = 43DE623C1B660EAA00FDE3AF /* PBXContainerItemProxy */;
		};
/* End PBXTargetDependency section */

/* Begin PBXVariantGroup section */
		43DE622F1B660EAA00FDE3AF /* Main.storyboard */ = {
			isa = PBXVariantGroup;
			children = (
				43DE62301B660EAA00FDE3AF /* Base */,
			);
			name = Main.storyboard;
			sourceTree = "<group>";
		};
		43DE62341B660EAA00FDE3AF /* LaunchScreen.xib */ = {
			isa = PBXVariantGroup;
			children = (
				43DE62351B660EAA00FDE3AF /* Base */,
			);
			name = LaunchScreen.xib;
			sourceTree = "<group>";
		};
/* End PBXVariantGroup section */

/* Begin XCBuildConfiguration section */
		43DE62431B660EAA00FDE3AF /* Debug */ = {
			isa = XCBuildConfiguration;
			buildSettings = {
				ALWAYS_SEARCH_USER_PATHS = NO;
				CLANG_CXX_LANGUAGE_STANDARD = "gnu++0x";
				CLANG_CXX_LIBRARY = "libc++";
				CLANG_ENABLE_MODULES = YES;
				CLANG_ENABLE_OBJC_ARC = YES;
				CLANG_WARN_BOOL_CONVERSION = YES;
				CLANG_WARN_CONSTANT_CONVERSION = YES;
				CLANG_WARN_DIRECT_OBJC_ISA_USAGE = YES_ERROR;
				CLANG_WARN_EMPTY_BODY = YES;
				CLANG_WARN_ENUM_CONVERSION = YES;
				CLANG_WARN_INT_CONVERSION = YES;
				CLANG_WARN_OBJC_ROOT_CLASS = YES_ERROR;
				CLANG_WARN_UNREACHABLE_CODE = YES;
				CLANG_WARN__DUPLICATE_METHOD_MATCH = YES;
				"CODE_SIGN_IDENTITY[sdk=iphoneos*]" = "iPhone Developer";
				COPY_PHASE_STRIP = NO;
				DEBUG_INFORMATION_FORMAT = "dwarf-with-dsym";
				ENABLE_STRICT_OBJC_MSGSEND = YES;
				GCC_C_LANGUAGE_STANDARD = gnu99;
				GCC_DYNAMIC_NO_PIC = NO;
				GCC_NO_COMMON_BLOCKS = YES;
				GCC_OPTIMIZATION_LEVEL = 0;
				GCC_PREPROCESSOR_DEFINITIONS = (
					"DEBUG=1",
					"$(inherited)",
				);
				GCC_SYMBOLS_PRIVATE_EXTERN = NO;
				GCC_WARN_64_TO_32_BIT_CONVERSION = YES;
				GCC_WARN_ABOUT_RETURN_TYPE = YES_ERROR;
				GCC_WARN_UNDECLARED_SELECTOR = YES;
				GCC_WARN_UNINITIALIZED_AUTOS = YES_AGGRESSIVE;
				GCC_WARN_UNUSED_FUNCTION = YES;
				GCC_WARN_UNUSED_VARIABLE = YES;
				IPHONEOS_DEPLOYMENT_TARGET = 8.3;
				MTL_ENABLE_DEBUG_INFO = YES;
				ONLY_ACTIVE_ARCH = YES;
				SDKROOT = iphoneos;
				TARGETED_DEVICE_FAMILY = "1,2";
			};
			name = Debug;
		};
		43DE62441B660EAA00FDE3AF /* Release */ = {
			isa = XCBuildConfiguration;
			buildSettings = {
				ALWAYS_SEARCH_USER_PATHS = NO;
				CLANG_CXX_LANGUAGE_STANDARD = "gnu++0x";
				CLANG_CXX_LIBRARY = "libc++";
				CLANG_ENABLE_MODULES = YES;
				CLANG_ENABLE_OBJC_ARC = YES;
				CLANG_WARN_BOOL_CONVERSION = YES;
				CLANG_WARN_CONSTANT_CONVERSION = YES;
				CLANG_WARN_DIRECT_OBJC_ISA_USAGE = YES_ERROR;
				CLANG_WARN_EMPTY_BODY = YES;
				CLANG_WARN_ENUM_CONVERSION = YES;
				CLANG_WARN_INT_CONVERSION = YES;
				CLANG_WARN_OBJC_ROOT_CLASS = YES_ERROR;
				CLANG_WARN_UNREACHABLE_CODE = YES;
				CLANG_WARN__DUPLICATE_METHOD_MATCH = YES;
				"CODE_SIGN_IDENTITY[sdk=iphoneos*]" = "iPhone Developer";
				COPY_PHASE_STRIP = NO;
				DEBUG_INFORMATION_FORMAT = "dwarf-with-dsym";
				ENABLE_NS_ASSERTIONS = NO;
				ENABLE_STRICT_OBJC_MSGSEND = YES;
				GCC_C_LANGUAGE_STANDARD = gnu99;
				GCC_NO_COMMON_BLOCKS = YES;
				GCC_WARN_64_TO_32_BIT_CONVERSION = YES;
				GCC_WARN_ABOUT_RETURN_TYPE = YES_ERROR;
				GCC_WARN_UNDECLARED_SELECTOR = YES;
				GCC_WARN_UNINITIALIZED_AUTOS = YES_AGGRESSIVE;
				GCC_WARN_UNUSED_FUNCTION = YES;
				GCC_WARN_UNUSED_VARIABLE = YES;
				IPHONEOS_DEPLOYMENT_TARGET = 8.3;
				MTL_ENABLE_DEBUG_INFO = NO;
				SDKROOT = iphoneos;
				TARGETED_DEVICE_FAMILY = "1,2";
				VALIDATE_PRODUCT = YES;
			};
			name = Release;
		};
		43DE62461B660EAA00FDE3AF /* Debug */ = {
			isa = XCBuildConfiguration;
			buildSettings = {
				ASSETCATALOG_COMPILER_APPICON_NAME = AppIcon;
				INFOPLIST_FILE = DelegateDemo/Info.plist;
				LD_RUNPATH_SEARCH_PATHS = "$(inherited) @executable_path/Frameworks";
				PRODUCT_NAME = "$(TARGET_NAME)";
			};
			name = Debug;
		};
		43DE62471B660EAA00FDE3AF /* Release */ = {
			isa = XCBuildConfiguration;
			buildSettings = {
				ASSETCATALOG_COMPILER_APPICON_NAME = AppIcon;
				INFOPLIST_FILE = DelegateDemo/Info.plist;
				LD_RUNPATH_SEARCH_PATHS = "$(inherited) @executable_path/Frameworks";
				PRODUCT_NAME = "$(TARGET_NAME)";
			};
			name = Release;
		};
		43DE62491B660EAA00FDE3AF /* Debug */ = {
			isa = XCBuildConfiguration;
			buildSettings = {
				BUNDLE_LOADER = "$(TEST_HOST)";
				FRAMEWORK_SEARCH_PATHS = (
					"$(SDKROOT)/Developer/Library/Frameworks",
					"$(inherited)",
				);
				GCC_PREPROCESSOR_DEFINITIONS = (
					"DEBUG=1",
					"$(inherited)",
				);
				INFOPLIST_FILE = DelegateDemoTests/Info.plist;
				LD_RUNPATH_SEARCH_PATHS = "$(inherited) @executable_path/Frameworks @loader_path/Frameworks";
				PRODUCT_NAME = "$(TARGET_NAME)";
				TEST_HOST = "$(BUILT_PRODUCTS_DIR)/DelegateDemo.app/DelegateDemo";
			};
			name = Debug;
		};
		43DE624A1B660EAA00FDE3AF /* Release */ = {
			isa = XCBuildConfiguration;
			buildSettings = {
				BUNDLE_LOADER = "$(TEST_HOST)";
				FRAMEWORK_SEARCH_PATHS = (
					"$(SDKROOT)/Developer/Library/Frameworks",
					"$(inherited)",
				);
				INFOPLIST_FILE = DelegateDemoTests/Info.plist;
				LD_RUNPATH_SEARCH_PATHS = "$(inherited) @executable_path/Frameworks @loader_path/Frameworks";
				PRODUCT_NAME = "$(TARGET_NAME)";
				TEST_HOST = "$(BUILT_PRODUCTS_DIR)/DelegateDemo.app/DelegateDemo";
			};
			name = Release;
		};
/* End XCBuildConfiguration section */

/* Begin XCConfigurationList section */
		43DE621D1B660EAA00FDE3AF /* Build configuration list for PBXProject "DelegateDemo" */ = {
			isa = XCConfigurationList;
			buildConfigurations = (
				43DE62431B660EAA00FDE3AF /* Debug */,
				43DE62441B660EAA00FDE3AF /* Release */,
			);
			defaultConfigurationIsVisible = 0;
			defaultConfigurationName = Release;
		};
		43DE62451B660EAA00FDE3AF /* Build configuration list for PBXNativeTarget "DelegateDemo" */ = {
			isa = XCConfigurationList;
			buildConfigurations = (
				43DE62461B660EAA00FDE3AF /* Debug */,
				43DE62471B660EAA00FDE3AF /* Release */,
			);
			defaultConfigurationIsVisible = 0;
		};
		43DE62481B660EAA00FDE3AF /* Build configuration list for PBXNativeTarget "DelegateDemoTests" */ = {
			isa = XCConfigurationList;
			buildConfigurations = (
				43DE62491B660EAA00FDE3AF /* Debug */,
				43DE624A1B660EAA00FDE3AF /* Release */,
			);
			defaultConfigurationIsVisible = 0;
		};
/* End XCConfigurationList section */
	};
	rootObject = 43DE621A1B660EAA00FDE3AF /* Project object */;
}
